
Microsoft Visual Studio Solution File, Format Version 12.00
# Visual Studio Version 16
VisualStudioVersion = 16.0.31729.503
MinimumVisualStudioVersion = 10.0.40219.1
Project("{FAE04EC0-301F-11D3-BF4B-00C04F79EFBC}") = "ASP_MVC_ContosoGeorgia", "ASP_MVC_ContosoGeorgia\ASP_MVC_ContosoGeorgia.csproj", "{445F31DE-168B-4602-999A-F4C22A497F07}"
EndProject
Global
	GlobalSection(SolutionConfigurationPlatforms) = preSolution
		Debug|Any CPU = Debug|Any CPU
		Release|Any CPU = Release|Any CPU
	EndGlobalSection
	GlobalSection(ProjectConfigurationPlatforms) = postSolution
		{445F31DE-168B-4602-999A-F4C22A497F07}.Debug|Any CPU.ActiveCfg = Debug|Any CPU
		{445F31DE-168B-4602-999A-F4C22A497F07}.Debug|Any CPU.Build.0 = Debug|Any CPU
		{445F31DE-168B-4602-999A-F4C22A497F07}.Release|Any CPU.ActiveCfg = Release|Any CPU
		{445F31DE-168B-4602-999A-F4C22A497F07}.Release|Any CPU.Build.0 = Release|Any CPU
	EndGlobalSection
	GlobalSection(SolutionProperties) = preSolution
		HideSolutionNode = FALSE
	EndGlobalSection
	GlobalSection(ExtensibilityGlobals) = postSolution
		SolutionGuid = {B765186D-9FBC-456F-A79C-D29B0CC6CC90}
	EndGlobalSection
EndGlobal
